// !$*UTF8*$!
{
	archiveVersion = 1;
	classes = {
	};
	objectVersion = 56;
	objects = {

/* Begin PBXBuildFile section */
		483E06262A2F7D7200F9FEEF /* AppleTv_CloneApp.swift in Sources */ = {isa = PBXBuildFile; fileRef = 483E06252A2F7D7200F9FEEF /* AppleTv_CloneApp.swift */; };
		483E062A2A2F7D7300F9FEEF /* Assets.xcassets in Resources */ = {isa = PBXBuildFile; fileRef = 483E06292A2F7D7300F9FEEF /* Assets.xcassets */; };
		483E062D2A2F7D7300F9FEEF /* Preview Assets.xcassets in Resources */ = {isa = PBXBuildFile; fileRef = 483E062C2A2F7D7300F9FEEF /* Preview Assets.xcassets */; };
		483E06322A2F7D7300F9FEEF /* AppleTv_Clone.xcdatamodeld in Sources */ = {isa = PBXBuildFile; fileRef = 483E06302A2F7D7300F9FEEF /* AppleTv_Clone.xcdatamodeld */; };
		483E063C2A309A2C00F9FEEF /* MovieDetails.swift in Sources */ = {isa = PBXBuildFile; fileRef = 483E063B2A309A2C00F9FEEF /* MovieDetails.swift */; };
		483E06462A30CAFE00F9FEEF /* DataSection.swift in Sources */ = {isa = PBXBuildFile; fileRef = 483E06452A30CAFE00F9FEEF /* DataSection.swift */; };
		D05221E42A3007C1008A5148 /* Movie.swift in Sources */ = {isa = PBXBuildFile; fileRef = D05221E32A3007C1008A5148 /* Movie.swift */; };
		D05221E82A3007EB008A5148 /* MovieViewModel.swift in Sources */ = {isa = PBXBuildFile; fileRef = D05221E72A3007EB008A5148 /* MovieViewModel.swift */; };
		D05221EA2A300AC2008A5148 /* Series.swift in Sources */ = {isa = PBXBuildFile; fileRef = D05221E92A300AC2008A5148 /* Series.swift */; };
		D05221EC2A300AE3008A5148 /* SeriesViewModel.swift in Sources */ = {isa = PBXBuildFile; fileRef = D05221EB2A300AE3008A5148 /* SeriesViewModel.swift */; };
		D05221EE2A300E91008A5148 /* API.json in Resources */ = {isa = PBXBuildFile; fileRef = D05221ED2A300E91008A5148 /* API.json */; };
/* End PBXBuildFile section */

/* Begin PBXFileReference section */
		483E06222A2F7D7200F9FEEF /* AppleTv-Clone.app */ = {isa = PBXFileReference; explicitFileType = wrapper.application; includeInIndex = 0; path = "AppleTv-Clone.app"; sourceTree = BUILT_PRODUCTS_DIR; };
		483E06252A2F7D7200F9FEEF /* AppleTv_CloneApp.swift */ = {isa = PBXFileReference; lastKnownFileType = sourcecode.swift; path = AppleTv_CloneApp.swift; sourceTree = "<group>"; };
		483E06292A2F7D7300F9FEEF /* Assets.xcassets */ = {isa = PBXFileReference; lastKnownFileType = folder.assetcatalog; path = Assets.xcassets; sourceTree = "<group>"; };
		483E062C2A2F7D7300F9FEEF /* Preview Assets.xcassets */ = {isa = PBXFileReference; lastKnownFileType = folder.assetcatalog; path = "Preview Assets.xcassets"; sourceTree = "<group>"; };
		483E06312A2F7D7300F9FEEF /* AppleTv_Clone.xcdatamodel */ = {isa = PBXFileReference; lastKnownFileType = wrapper.xcdatamodel; path = AppleTv_Clone.xcdatamodel; sourceTree = "<group>"; };
		483E063B2A309A2C00F9FEEF /* MovieDetails.swift */ = {isa = PBXFileReference; lastKnownFileType = sourcecode.swift; path = MovieDetails.swift; sourceTree = "<group>"; };
		483E06452A30CAFE00F9FEEF /* DataSection.swift */ = {isa = PBXFileReference; lastKnownFileType = sourcecode.swift; path = DataSection.swift; sourceTree = "<group>"; };
		D05221E32A3007C1008A5148 /* Movie.swift */ = {isa = PBXFileReference; lastKnownFileType = sourcecode.swift; path = Movie.swift; sourceTree = "<group>"; };
		D05221E72A3007EB008A5148 /* MovieViewModel.swift */ = {isa = PBXFileReference; lastKnownFileType = sourcecode.swift; path = MovieViewModel.swift; sourceTree = "<group>"; };
		D05221E92A300AC2008A5148 /* Series.swift */ = {isa = PBXFileReference; lastKnownFileType = sourcecode.swift; path = Series.swift; sourceTree = "<group>"; };
		D05221EB2A300AE3008A5148 /* SeriesViewModel.swift */ = {isa = PBXFileReference; lastKnownFileType = sourcecode.swift; path = SeriesViewModel.swift; sourceTree = "<group>"; };
		D05221ED2A300E91008A5148 /* API.json */ = {isa = PBXFileReference; lastKnownFileType = text.json; path = API.json; sourceTree = "<group>"; };
/* End PBXFileReference section */

/* Begin PBXFrameworksBuildPhase section */
		483E061F2A2F7D7200F9FEEF /* Frameworks */ = {
			isa = PBXFrameworksBuildPhase;
			buildActionMask = 2147483647;
			files = (
			);
			runOnlyForDeploymentPostprocessing = 0;
		};
/* End PBXFrameworksBuildPhase section */

/* Begin PBXGroup section */
		483E06192A2F7D7200F9FEEF = {
			isa = PBXGroup;
			children = (
				483E06242A2F7D7200F9FEEF /* AppleTv-Clone */,
				483E06232A2F7D7200F9FEEF /* Products */,
			);
			sourceTree = "<group>";
		};
		483E06232A2F7D7200F9FEEF /* Products */ = {
			isa = PBXGroup;
			children = (
				483E06222A2F7D7200F9FEEF /* AppleTv-Clone.app */,
			);
			name = Products;
			sourceTree = "<group>";
		};
		483E06242A2F7D7200F9FEEF /* AppleTv-Clone */ = {
			isa = PBXGroup;
			children = (
				D05221E22A3007B0008A5148 /* Model */,
				D05221E02A3007AC008A5148 /* VIew */,
				D05221E12A3007AE008A5148 /* View Model */,
				483E06292A2F7D7300F9FEEF /* Assets.xcassets */,
				483E06252A2F7D7200F9FEEF /* AppleTv_CloneApp.swift */,
				483E06302A2F7D7300F9FEEF /* AppleTv_Clone.xcdatamodeld */,
				483E062B2A2F7D7300F9FEEF /* Preview Content */,
			);
			path = "AppleTv-Clone";
			sourceTree = "<group>";
		};
		483E062B2A2F7D7300F9FEEF /* Preview Content */ = {
			isa = PBXGroup;
			children = (
				483E062C2A2F7D7300F9FEEF /* Preview Assets.xcassets */,
			);
			path = "Preview Content";
			sourceTree = "<group>";
		};
		D05221E02A3007AC008A5148 /* VIew */ = {
			isa = PBXGroup;
			children = (
				483E063B2A309A2C00F9FEEF /* MovieDetails.swift */,
			);
			path = VIew;
			sourceTree = "<group>";
		};
		D05221E12A3007AE008A5148 /* View Model */ = {
			isa = PBXGroup;
			children = (
				483E06452A30CAFE00F9FEEF /* DataSection.swift */,
				D05221E72A3007EB008A5148 /* MovieViewModel.swift */,
				D05221EB2A300AE3008A5148 /* SeriesViewModel.swift */,
			);
			path = "View Model";
			sourceTree = "<group>";
		};
		D05221E22A3007B0008A5148 /* Model */ = {
			isa = PBXGroup;
			children = (
				D05221ED2A300E91008A5148 /* API.json */,
				D05221E32A3007C1008A5148 /* Movie.swift */,
				D05221E92A300AC2008A5148 /* Series.swift */,
			);
			path = Model;
			sourceTree = "<group>";
		};
/* End PBXGroup section */

/* Begin PBXNativeTarget section */
		483E06212A2F7D7200F9FEEF /* AppleTv-Clone */ = {
			isa = PBXNativeTarget;
			buildConfigurationList = 483E06352A2F7D7300F9FEEF /* Build configuration list for PBXNativeTarget "AppleTv-Clone" */;
			buildPhases = (
				483E061E2A2F7D7200F9FEEF /* Sources */,
				483E061F2A2F7D7200F9FEEF /* Frameworks */,
				483E06202A2F7D7200F9FEEF /* Resources */,
			);
			buildRules = (
			);
			dependencies = (
			);
			name = "AppleTv-Clone";
			productName = "AppleTv-Clone";
			productReference = 483E06222A2F7D7200F9FEEF /* AppleTv-Clone.app */;
			productType = "com.apple.product-type.application";
		};
/* End PBXNativeTarget section */

/* Begin PBXProject section */
		483E061A2A2F7D7200F9FEEF /* Project object */ = {
			isa = PBXProject;
			attributes = {
				BuildIndependentTargetsInParallel = 1;
				LastSwiftUpdateCheck = 1430;
				LastUpgradeCheck = 1430;
				TargetAttributes = {
					483E06212A2F7D7200F9FEEF = {
						CreatedOnToolsVersion = 14.3.1;
					};
				};
			};
			buildConfigurationList = 483E061D2A2F7D7200F9FEEF /* Build configuration list for PBXProject "AppleTv-Clone" */;
			compatibilityVersion = "Xcode 14.0";
			developmentRegion = en;
			hasScannedForEncodings = 0;
			knownRegions = (
				en,
				Base,
			);
			mainGroup = 483E06192A2F7D7200F9FEEF;
			productRefGroup = 483E06232A2F7D7200F9FEEF /* Products */;
			projectDirPath = "";
			projectRoot = "";
			targets = (
				483E06212A2F7D7200F9FEEF /* AppleTv-Clone */,
			);
		};
/* End PBXProject section */

/* Begin PBXResourcesBuildPhase section */
		483E06202A2F7D7200F9FEEF /* Resources */ = {
			isa = PBXResourcesBuildPhase;
			buildActionMask = 2147483647;
			files = (
				D05221EE2A300E91008A5148 /* API.json in Resources */,
				483E062D2A2F7D7300F9FEEF /* Preview Assets.xcassets in Resources */,
				483E062A2A2F7D7300F9FEEF /* Assets.xcassets in Resources */,
			);
			runOnlyForDeploymentPostprocessing = 0;
		};
/* End PBXResourcesBuildPhase section */

/* Begin PBXSourcesBuildPhase section */
		483E061E2A2F7D7200F9FEEF /* Sources */ = {
			isa = PBXSourcesBuildPhase;
			buildActionMask = 2147483647;
			files = (
				483E06322A2F7D7300F9FEEF /* AppleTv_Clone.xcdatamodeld in Sources */,
				D05221E42A3007C1008A5148 /* Movie.swift in Sources */,
				483E06262A2F7D7200F9FEEF /* AppleTv_CloneApp.swift in Sources */,
				D05221E82A3007EB008A5148 /* MovieViewModel.swift in Sources */,
				D05221EA2A300AC2008A5148 /* Series.swift in Sources */,
				D05221EC2A300AE3008A5148 /* SeriesViewModel.swift in Sources */,
				483E06462A30CAFE00F9FEEF /* DataSection.swift in Sources */,
				483E063C2A309A2C00F9FEEF /* MovieDetails.swift in Sources */,
			);
			runOnlyForDeploymentPostprocessing = 0;
		};
/* End PBXSourcesBuildPhase section */

/* Begin XCBuildConfiguration section */
		483E06332A2F7D7300F9FEEF /* Debug */ = {
			isa = XCBuildConfiguration;
			buildSettings = {
				ALWAYS_SEARCH_USER_PATHS = NO;
				CLANG_ANALYZER_NONNULL = YES;
				CLANG_ANALYZER_NUMBER_OBJECT_CONVERSION = YES_AGGRESSIVE;
				CLANG_CXX_LANGUAGE_STANDARD = "gnu++20";
				CLANG_ENABLE_MODULES = YES;
				CLANG_ENABLE_OBJC_ARC = YES;
				CLANG_ENABLE_OBJC_WEAK = YES;
				CLANG_WARN_BLOCK_CAPTURE_AUTORELEASING = YES;
				CLANG_WARN_BOOL_CONVERSION = YES;
				CLANG_WARN_COMMA = YES;
				CLANG_WARN_CONSTANT_CONVERSION = YES;
				CLANG_WARN_DEPRECATED_OBJC_IMPLEMENTATIONS = YES;
				CLANG_WARN_DIRECT_OBJC_ISA_USAGE = YES_ERROR;
				CLANG_WARN_DOCUMENTATION_COMMENTS = YES;
				CLANG_WARN_EMPTY_BODY = YES;
				CLANG_WARN_ENUM_CONVERSION = YES;
				CLANG_WARN_INFINITE_RECURSION = YES;
				CLANG_WARN_INT_CONVERSION = YES;
				CLANG_WARN_NON_LITERAL_NULL_CONVERSION = YES;
				CLANG_WARN_OBJC_IMPLICIT_RETAIN_SELF = YES;
				CLANG_WARN_OBJC_LITERAL_CONVERSION = YES;
				CLANG_WARN_OBJC_ROOT_CLASS = YES_ERROR;
				CLANG_WARN_QUOTED_INCLUDE_IN_FRAMEWORK_HEADER = YES;
				CLANG_WARN_RANGE_LOOP_ANALYSIS = YES;
				CLANG_WARN_STRICT_PROTOTYPES = YES;
				CLANG_WARN_SUSPICIOUS_MOVE = YES;
				CLANG_WARN_UNGUARDED_AVAILABILITY = YES_AGGRESSIVE;
				CLANG_WARN_UNREACHABLE_CODE = YES;
				CLANG_WARN__DUPLICATE_METHOD_MATCH = YES;
				COPY_PHASE_STRIP = NO;
				DEBUG_INFORMATION_FORMAT = dwarf;
				ENABLE_STRICT_OBJC_MSGSEND = YES;
				ENABLE_TESTABILITY = YES;
				GCC_C_LANGUAGE_STANDARD = gnu11;
				GCC_DYNAMIC_NO_PIC = NO;
				GCC_NO_COMMON_BLOCKS = YES;
				GCC_OPTIMIZATION_LEVEL = 0;
				GCC_PREPROCESSOR_DEFINITIONS = (
					"DEBUG=1",
					"$(inherited)",
				);
				GCC_WARN_64_TO_32_BIT_CONVERSION = YES;
				GCC_WARN_ABOUT_RETURN_TYPE = YES_ERROR;
				GCC_WARN_UNDECLARED_SELECTOR = YES;
				GCC_WARN_UNINITIALIZED_AUTOS = YES_AGGRESSIVE;
				GCC_WARN_UNUSED_FUNCTION = YES;
				GCC_WARN_UNUSED_VARIABLE = YES;
				IPHONEOS_DEPLOYMENT_TARGET = 16.4;
				MTL_ENABLE_DEBUG_INFO = INCLUDE_SOURCE;
				MTL_FAST_MATH = YES;
				ONLY_ACTIVE_ARCH = YES;
				SDKROOT = iphoneos;
				SWIFT_ACTIVE_COMPILATION_CONDITIONS = DEBUG;
				SWIFT_OPTIMIZATION_LEVEL = "-Onone";
			};
			name = Debug;
		};
		483E06342A2F7D7300F9FEEF /* Release */ = {
			isa = XCBuildConfiguration;
			buildSettings = {
				ALWAYS_SEARCH_USER_PATHS = NO;
				CLANG_ANALYZER_NONNULL = YES;
				CLANG_ANALYZER_NUMBER_OBJECT_CONVERSION = YES_AGGRESSIVE;
				CLANG_CXX_LANGUAGE_STANDARD = "gnu++20";
				CLANG_ENABLE_MODULES = YES;
				CLANG_ENABLE_OBJC_ARC = YES;
				CLANG_ENABLE_OBJC_WEAK = YES;
				CLANG_WARN_BLOCK_CAPTURE_AUTORELEASING = YES;
				CLANG_WARN_BOOL_CONVERSION = YES;
				CLANG_WARN_COMMA = YES;
				CLANG_WARN_CONSTANT_CONVERSION = YES;
				CLANG_WARN_DEPRECATED_OBJC_IMPLEMENTATIONS = YES;
				CLANG_WARN_DIRECT_OBJC_ISA_USAGE = YES_ERROR;
				CLANG_WARN_DOCUMENTATION_COMMENTS = YES;
				CLANG_WARN_EMPTY_BODY = YES;
				CLANG_WARN_ENUM_CONVERSION = YES;
				CLANG_WARN_INFINITE_RECURSION = YES;
				CLANG_WARN_INT_CONVERSION = YES;
				CLANG_WARN_NON_LITERAL_NULL_CONVERSION = YES;
				CLANG_WARN_OBJC_IMPLICIT_RETAIN_SELF = YES;
				CLANG_WARN_OBJC_LITERAL_CONVERSION = YES;
				CLANG_WARN_OBJC_ROOT_CLASS = YES_ERROR;
				CLANG_WARN_QUOTED_INCLUDE_IN_FRAMEWORK_HEADER = YES;
				CLANG_WARN_RANGE_LOOP_ANALYSIS = YES;
				CLANG_WARN_STRICT_PROTOTYPES = YES;
				CLANG_WARN_SUSPICIOUS_MOVE = YES;
				CLANG_WARN_UNGUARDED_AVAILABILITY = YES_AGGRESSIVE;
				CLANG_WARN_UNREACHABLE_CODE = YES;
				CLANG_WARN__DUPLICATE_METHOD_MATCH = YES;
				COPY_PHASE_STRIP = NO;
				DEBUG_INFORMATION_FORMAT = "dwarf-with-dsym";
				ENABLE_NS_ASSERTIONS = NO;
				ENABLE_STRICT_OBJC_MSGSEND = YES;
				GCC_C_LANGUAGE_STANDARD = gnu11;
				GCC_NO_COMMON_BLOCKS = YES;
				GCC_WARN_64_TO_32_BIT_CONVERSION = YES;
				GCC_WARN_ABOUT_RETURN_TYPE = YES_ERROR;
				GCC_WARN_UNDECLARED_SELECTOR = YES;
				GCC_WARN_UNINITIALIZED_AUTOS = YES_AGGRESSIVE;
				GCC_WARN_UNUSED_FUNCTION = YES;
				GCC_WARN_UNUSED_VARIABLE = YES;
				IPHONEOS_DEPLOYMENT_TARGET = 16.4;
				MTL_ENABLE_DEBUG_INFO = NO;
				MTL_FAST_MATH = YES;
				SDKROOT = iphoneos;
				SWIFT_COMPILATION_MODE = wholemodule;
				SWIFT_OPTIMIZATION_LEVEL = "-O";
				VALIDATE_PRODUCT = YES;
			};
			name = Release;
		};
		483E06362A2F7D7300F9FEEF /* Debug */ = {
			isa = XCBuildConfiguration;
			buildSettings = {
				ASSETCATALOG_COMPILER_APPICON_NAME = AppIcon;
				ASSETCATALOG_COMPILER_GLOBAL_ACCENT_COLOR_NAME = AccentColor;
				CODE_SIGN_STYLE = Automatic;
				CURRENT_PROJECT_VERSION = 1;
				DEVELOPMENT_ASSET_PATHS = "\"AppleTv-Clone/Preview Content\"";
				DEVELOPMENT_TEAM = HT9NV9BAKV;
				ENABLE_PREVIEWS = YES;
				GENERATE_INFOPLIST_FILE = YES;
				INFOPLIST_KEY_UIApplicationSceneManifest_Generation = YES;
				INFOPLIST_KEY_UIApplicationSupportsIndirectInputEvents = YES;
				INFOPLIST_KEY_UILaunchScreen_Generation = YES;
				INFOPLIST_KEY_UISupportedInterfaceOrientations_iPad = "UIInterfaceOrientationPortrait UIInterfaceOrientationPortraitUpsideDown UIInterfaceOrientationLandscapeLeft UIInterfaceOrientationLandscapeRight";
				INFOPLIST_KEY_UISupportedInterfaceOrientations_iPhone = "UIInterfaceOrientationPortrait UIInterfaceOrientationLandscapeLeft UIInterfaceOrientationLandscapeRight";
				LD_RUNPATH_SEARCH_PATHS = (
					"$(inherited)",
					"@executable_path/Frameworks",
				);
				MARKETING_VERSION = 1.0;
				PRODUCT_BUNDLE_IDENTIFIER = "com.gabrielrossi.AppleTv-Clone";
				PRODUCT_NAME = "$(TARGET_NAME)";
				SWIFT_EMIT_LOC_STRINGS = YES;
				SWIFT_VERSION = 5.0;
				TARGETED_DEVICE_FAMILY = "1,2";
			};
			name = Debug;
		};
		483E06372A2F7D7300F9FEEF /* Release */ = {
			isa = XCBuildConfiguration;
			buildSettings = {
				ASSETCATALOG_COMPILER_APPICON_NAME = AppIcon;
				ASSETCATALOG_COMPILER_GLOBAL_ACCENT_COLOR_NAME = AccentColor;
				CODE_SIGN_STYLE = Automatic;
				CURRENT_PROJECT_VERSION = 1;
				DEVELOPMENT_ASSET_PATHS = "\"AppleTv-Clone/Preview Content\"";
				DEVELOPMENT_TEAM = HT9NV9BAKV;
				ENABLE_PREVIEWS = YES;
				GENERATE_INFOPLIST_FILE = YES;
				INFOPLIST_KEY_UIApplicationSceneManifest_Generation = YES;
				INFOPLIST_KEY_UIApplicationSupportsIndirectInputEvents = YES;
				INFOPLIST_KEY_UILaunchScreen_Generation = YES;
				INFOPLIST_KEY_UISupportedInterfaceOrientations_iPad = "UIInterfaceOrientationPortrait UIInterfaceOrientationPortraitUpsideDown UIInterfaceOrientationLandscapeLeft UIInterfaceOrientationLandscapeRight";
				INFOPLIST_KEY_UISupportedInterfaceOrientations_iPhone = "UIInterfaceOrientationPortrait UIInterfaceOrientationLandscapeLeft UIInterfaceOrientationLandscapeRight";
				LD_RUNPATH_SEARCH_PATHS = (
					"$(inherited)",
					"@executable_path/Frameworks",
				);
				MARKETING_VERSION = 1.0;
				PRODUCT_BUNDLE_IDENTIFIER = "com.gabrielrossi.AppleTv-Clone";
				PRODUCT_NAME = "$(TARGET_NAME)";
				SWIFT_EMIT_LOC_STRINGS = YES;
				SWIFT_VERSION = 5.0;
				TARGETED_DEVICE_FAMILY = "1,2";
			};
			name = Release;
		};
/* End XCBuildConfiguration section */

/* Begin XCConfigurationList section */
		483E061D2A2F7D7200F9FEEF /* Build configuration list for PBXProject "AppleTv-Clone" */ = {
			isa = XCConfigurationList;
			buildConfigurations = (
				483E06332A2F7D7300F9FEEF /* Debug */,
				483E06342A2F7D7300F9FEEF /* Release */,
			);
			defaultConfigurationIsVisible = 0;
			defaultConfigurationName = Release;
		};
		483E06352A2F7D7300F9FEEF /* Build configuration list for PBXNativeTarget "AppleTv-Clone" */ = {
			isa = XCConfigurationList;
			buildConfigurations = (
				483E06362A2F7D7300F9FEEF /* Debug */,
				483E06372A2F7D7300F9FEEF /* Release */,
			);
			defaultConfigurationIsVisible = 0;
			defaultConfigurationName = Release;
		};
/* End XCConfigurationList section */

/* Begin XCVersionGroup section */
		483E06302A2F7D7300F9FEEF /* AppleTv_Clone.xcdatamodeld */ = {
			isa = XCVersionGroup;
			children = (
				483E06312A2F7D7300F9FEEF /* AppleTv_Clone.xcdatamodel */,
			);
			currentVersion = 483E06312A2F7D7300F9FEEF /* AppleTv_Clone.xcdatamodel */;
			path = AppleTv_Clone.xcdatamodeld;
			sourceTree = "<group>";
			versionGroupType = wrapper.xcdatamodel;
		};
/* End XCVersionGroup section */
	};
	rootObject = 483E061A2A2F7D7200F9FEEF /* Project object */;
}
